
Microsoft Visual Studio Solution File, Format Version 12.00
# Visual Studio Version 17
VisualStudioVersion = 17.2.32519.379
MinimumVisualStudioVersion = 10.0.40219.1
Project("{8BC9CEB8-8B4A-11D0-8D11-00A0C91BC942}") = "WallpaperCounter", "WallpaperCounter\WallpaperCounter.vcxproj", "{BE7F09A0-8E76-4A89-AC64-C257CAE24624}"
EndProject
Global
	GlobalSection(SolutionConfigurationPlatforms) = preSolution
		Debug|x64 = Debug|x64
		Debug|x86 = Debug|x86
		Release|x64 = Release|x64
		Release|x86 = Release|x86
	EndGlobalSection
	GlobalSection(ProjectConfigurationPlatforms) = postSolution
		{BE7F09A0-8E76-4A89-AC64-C257CAE24624}.Debug|x64.ActiveCfg = Debug|x64
		{BE7F09A0-8E76-4A89-AC64-C257CAE24624}.Debug|x64.Build.0 = Debug|x64
		{BE7F09A0-8E76-4A89-AC64-C257CAE24624}.Debug|x86.ActiveCfg = Debug|Win32
		{BE7F09A0-8E76-4A89-AC64-C257CAE24624}.Debug|x86.Build.0 = Debug|Win32
		{BE7F09A0-8E76-4A89-AC64-C257CAE24624}.Release|x64.ActiveCfg = Release|x64
		{BE7F09A0-8E76-4A89-AC64-C257CAE24624}.Release|x64.Build.0 = Release|x64
		{BE7F09A0-8E76-4A89-AC64-C257CAE24624}.Release|x86.ActiveCfg = Release|Win32
		{BE7F09A0-8E76-4A89-AC64-C257CAE24624}.Release|x86.Build.0 = Release|Win32
	EndGlobalSection
	GlobalSection(SolutionProperties) = preSolution
		HideSolutionNode = FALSE
	EndGlobalSection
	GlobalSection(ExtensibilityGlobals) = postSolution
		SolutionGuid = {461F0A51-CC50-4B53-85C9-F429F5B41552}
	EndGlobalSection
EndGlobal
